
Microsoft Visual Studio Solution File, Format Version 12.00
# Visual Studio Version 17
VisualStudioVersion = 17.2.32505.173
MinimumVisualStudioVersion = 10.0.40219.1
Project("{9A19103F-16F7-4668-BE54-9A1E7A4F7556}") = "NYTimesSearch.Core", "NYTimesSearch.Core\NYTimesSearch.Core.csproj", "{A2C47347-7414-4FB8-B8ED-B40098866313}"
EndProject
Project("{9A19103F-16F7-4668-BE54-9A1E7A4F7556}") = "NYTimesSearch.Client", "NYTimesSearch.Client\NYTimesSearch.Client.csproj", "{B6EC987E-709A-4476-9BF5-8FFD0F01F259}"
EndProject
Project("{9A19103F-16F7-4668-BE54-9A1E7A4F7556}") = "NYTimesSearch.Common", "NYTimesSearch.Common\NYTimesSearch.Common.csproj", "{CDCC9B88-B2EC-4106-9B58-F48B392B60AB}"
EndProject
Project("{9A19103F-16F7-4668-BE54-9A1E7A4F7556}") = "ArchiveAPI", "ArchiveAPI\ArchiveAPI.csproj", "{6C845012-D609-4D8C-87D8-28E7BBFDD338}"
EndProject
Project("{9A19103F-16F7-4668-BE54-9A1E7A4F7556}") = "ArticleAPI", "ArticleAPI\ArticleAPI.csproj", "{1A4D137D-B9F4-438B-83C3-663B79B3B2A1}"
EndProject
Project("{9A19103F-16F7-4668-BE54-9A1E7A4F7556}") = "BooksAPI", "BooksAPI\BooksAPI.csproj", "{8FC8515D-167D-4D73-A9B7-8A3AF3B09D29}"
EndProject
Project("{9A19103F-16F7-4668-BE54-9A1E7A4F7556}") = "MovieReviewAPI", "MovieReviewAPI\MovieReviewAPI.csproj", "{DB86568C-FC6E-4F08-ABFC-0F417DEA1526}"
EndProject
Project("{9A19103F-16F7-4668-BE54-9A1E7A4F7556}") = "NYTimesSearch.Service.Test", "AggregatorSearch.Service.Test\NYTimesSearch.Service.Test.csproj", "{D4E0378E-D10F-4FCA-B4C1-CAAC9C53D43F}"
EndProject
Project("{2150E333-8FDC-42A3-9474-1A3956D46DE8}") = "Test", "Test", "{27AB4E4C-9B87-494D-A637-48E3367B6AF9}"
EndProject
Project("{2150E333-8FDC-42A3-9474-1A3956D46DE8}") = "src", "src", "{9A2D9067-789A-4B4A-9325-40391F692322}"
EndProject
Project("{9A19103F-16F7-4668-BE54-9A1E7A4F7556}") = "NYTimesSearch.Service", "NYTSearchAssignment\NYTimesSearch.Service.csproj", "{859616AE-B4FB-4613-8DA7-1A70DDFEBD05}"
EndProject
Global
	GlobalSection(SolutionConfigurationPlatforms) = preSolution
		Debug|Any CPU = Debug|Any CPU
		Release|Any CPU = Release|Any CPU
	EndGlobalSection
	GlobalSection(ProjectConfigurationPlatforms) = postSolution
		{A2C47347-7414-4FB8-B8ED-B40098866313}.Debug|Any CPU.ActiveCfg = Debug|Any CPU
		{A2C47347-7414-4FB8-B8ED-B40098866313}.Debug|Any CPU.Build.0 = Debug|Any CPU
		{A2C47347-7414-4FB8-B8ED-B40098866313}.Release|Any CPU.ActiveCfg = Release|Any CPU
		{A2C47347-7414-4FB8-B8ED-B40098866313}.Release|Any CPU.Build.0 = Release|Any CPU
		{B6EC987E-709A-4476-9BF5-8FFD0F01F259}.Debug|Any CPU.ActiveCfg = Debug|Any CPU
		{B6EC987E-709A-4476-9BF5-8FFD0F01F259}.Debug|Any CPU.Build.0 = Debug|Any CPU
		{B6EC987E-709A-4476-9BF5-8FFD0F01F259}.Release|Any CPU.ActiveCfg = Release|Any CPU
		{B6EC987E-709A-4476-9BF5-8FFD0F01F259}.Release|Any CPU.Build.0 = Release|Any CPU
		{CDCC9B88-B2EC-4106-9B58-F48B392B60AB}.Debug|Any CPU.ActiveCfg = Debug|Any CPU
		{CDCC9B88-B2EC-4106-9B58-F48B392B60AB}.Debug|Any CPU.Build.0 = Debug|Any CPU
		{CDCC9B88-B2EC-4106-9B58-F48B392B60AB}.Release|Any CPU.ActiveCfg = Release|Any CPU
		{CDCC9B88-B2EC-4106-9B58-F48B392B60AB}.Release|Any CPU.Build.0 = Release|Any CPU
		{6C845012-D609-4D8C-87D8-28E7BBFDD338}.Debug|Any CPU.ActiveCfg = Debug|Any CPU
		{6C845012-D609-4D8C-87D8-28E7BBFDD338}.Debug|Any CPU.Build.0 = Debug|Any CPU
		{6C845012-D609-4D8C-87D8-28E7BBFDD338}.Release|Any CPU.ActiveCfg = Release|Any CPU
		{6C845012-D609-4D8C-87D8-28E7BBFDD338}.Release|Any CPU.Build.0 = Release|Any CPU
		{1A4D137D-B9F4-438B-83C3-663B79B3B2A1}.Debug|Any CPU.ActiveCfg = Debug|Any CPU
		{1A4D137D-B9F4-438B-83C3-663B79B3B2A1}.Debug|Any CPU.Build.0 = Debug|Any CPU
		{1A4D137D-B9F4-438B-83C3-663B79B3B2A1}.Release|Any CPU.ActiveCfg = Release|Any CPU
		{1A4D137D-B9F4-438B-83C3-663B79B3B2A1}.Release|Any CPU.Build.0 = Release|Any CPU
		{8FC8515D-167D-4D73-A9B7-8A3AF3B09D29}.Debug|Any CPU.ActiveCfg = Debug|Any CPU
		{8FC8515D-167D-4D73-A9B7-8A3AF3B09D29}.Debug|Any CPU.Build.0 = Debug|Any CPU
		{8FC8515D-167D-4D73-A9B7-8A3AF3B09D29}.Release|Any CPU.ActiveCfg = Release|Any CPU
		{8FC8515D-167D-4D73-A9B7-8A3AF3B09D29}.Release|Any CPU.Build.0 = Release|Any CPU
		{DB86568C-FC6E-4F08-ABFC-0F417DEA1526}.Debug|Any CPU.ActiveCfg = Debug|Any CPU
		{DB86568C-FC6E-4F08-ABFC-0F417DEA1526}.Debug|Any CPU.Build.0 = Debug|Any CPU
		{DB86568C-FC6E-4F08-ABFC-0F417DEA1526}.Release|Any CPU.ActiveCfg = Release|Any CPU
		{DB86568C-FC6E-4F08-ABFC-0F417DEA1526}.Release|Any CPU.Build.0 = Release|Any CPU
		{D4E0378E-D10F-4FCA-B4C1-CAAC9C53D43F}.Debug|Any CPU.ActiveCfg = Debug|Any CPU
		{D4E0378E-D10F-4FCA-B4C1-CAAC9C53D43F}.Debug|Any CPU.Build.0 = Debug|Any CPU
		{D4E0378E-D10F-4FCA-B4C1-CAAC9C53D43F}.Release|Any CPU.ActiveCfg = Release|Any CPU
		{D4E0378E-D10F-4FCA-B4C1-CAAC9C53D43F}.Release|Any CPU.Build.0 = Release|Any CPU
		{859616AE-B4FB-4613-8DA7-1A70DDFEBD05}.Debug|Any CPU.ActiveCfg = Debug|Any CPU
		{859616AE-B4FB-4613-8DA7-1A70DDFEBD05}.Debug|Any CPU.Build.0 = Debug|Any CPU
		{859616AE-B4FB-4613-8DA7-1A70DDFEBD05}.Release|Any CPU.ActiveCfg = Release|Any CPU
		{859616AE-B4FB-4613-8DA7-1A70DDFEBD05}.Release|Any CPU.Build.0 = Release|Any CPU
	EndGlobalSection
	GlobalSection(SolutionProperties) = preSolution
		HideSolutionNode = FALSE
	EndGlobalSection
	GlobalSection(NestedProjects) = preSolution
		{A2C47347-7414-4FB8-B8ED-B40098866313} = {9A2D9067-789A-4B4A-9325-40391F692322}
		{B6EC987E-709A-4476-9BF5-8FFD0F01F259} = {9A2D9067-789A-4B4A-9325-40391F692322}
		{CDCC9B88-B2EC-4106-9B58-F48B392B60AB} = {9A2D9067-789A-4B4A-9325-40391F692322}
		{6C845012-D609-4D8C-87D8-28E7BBFDD338} = {9A2D9067-789A-4B4A-9325-40391F692322}
		{1A4D137D-B9F4-438B-83C3-663B79B3B2A1} = {9A2D9067-789A-4B4A-9325-40391F692322}
		{8FC8515D-167D-4D73-A9B7-8A3AF3B09D29} = {9A2D9067-789A-4B4A-9325-40391F692322}
		{DB86568C-FC6E-4F08-ABFC-0F417DEA1526} = {9A2D9067-789A-4B4A-9325-40391F692322}
		{D4E0378E-D10F-4FCA-B4C1-CAAC9C53D43F} = {27AB4E4C-9B87-494D-A637-48E3367B6AF9}
		{859616AE-B4FB-4613-8DA7-1A70DDFEBD05} = {9A2D9067-789A-4B4A-9325-40391F692322}
	EndGlobalSection
	GlobalSection(ExtensibilityGlobals) = postSolution
		SolutionGuid = {04449A3E-6361-4F59-A915-3C91697C3D6F}
	EndGlobalSection
EndGlobal
